
Microsoft Visual Studio Solution File, Format Version 12.00
# Visual Studio Version 16
VisualStudioVersion = 16.0.30225.117
MinimumVisualStudioVersion = 10.0.40219.1
Project("{FAE04EC0-301F-11D3-BF4B-00C04F79EFBC}") = "TelebotStandBy", "TelebotStandBy.csproj", "{A847187E-CB98-4EDD-AA64-C1CE679C493F}"
EndProject
Global
	GlobalSection(SolutionConfigurationPlatforms) = preSolution
		Debug|Any CPU = Debug|Any CPU
		Release|Any CPU = Release|Any CPU
	EndGlobalSection
	GlobalSection(ProjectConfigurationPlatforms) = postSolution
		{A847187E-CB98-4EDD-AA64-C1CE679C493F}.Debug|Any CPU.ActiveCfg = Debug|Any CPU
		{A847187E-CB98-4EDD-AA64-C1CE679C493F}.Debug|Any CPU.Build.0 = Debug|Any CPU
		{A847187E-CB98-4EDD-AA64-C1CE679C493F}.Release|Any CPU.ActiveCfg = Release|Any CPU
		{A847187E-CB98-4EDD-AA64-C1CE679C493F}.Release|Any CPU.Build.0 = Release|Any CPU
	EndGlobalSection
	GlobalSection(SolutionProperties) = preSolution
		HideSolutionNode = FALSE
	EndGlobalSection
	GlobalSection(ExtensibilityGlobals) = postSolution
		SolutionGuid = {D3A04192-0734-451C-9B2B-72CD8B87A092}
	EndGlobalSection
EndGlobal
